
Microsoft Visual Studio Solution File, Format Version 12.00
# Visual Studio Version 16
VisualStudioVersion = 16.0.32106.194
MinimumVisualStudioVersion = 10.0.40219.1
Project("{FAE04EC0-301F-11D3-BF4B-00C04F79EFBC}") = "PolishEnglishDictionary.Android", "PolishEnglishDictionary\PolishEnglishDictionary.Android\PolishEnglishDictionary.Android.csproj", "{6A46F004-202B-44E9-B6E9-B3007E3939B5}"
EndProject
Project("{FAE04EC0-301F-11D3-BF4B-00C04F79EFBC}") = "PolishEnglishDictionary", "PolishEnglishDictionary\PolishEnglishDictionary\PolishEnglishDictionary.csproj", "{60DC830B-A6FA-40DE-BC02-C830909DC093}"
EndProject
Global
	GlobalSection(SolutionConfigurationPlatforms) = preSolution
		Debug|Any CPU = Debug|Any CPU
		Release|Any CPU = Release|Any CPU
	EndGlobalSection
	GlobalSection(ProjectConfigurationPlatforms) = postSolution
		{6A46F004-202B-44E9-B6E9-B3007E3939B5}.Debug|Any CPU.ActiveCfg = Debug|Any CPU
		{6A46F004-202B-44E9-B6E9-B3007E3939B5}.Debug|Any CPU.Build.0 = Debug|Any CPU
		{6A46F004-202B-44E9-B6E9-B3007E3939B5}.Debug|Any CPU.Deploy.0 = Debug|Any CPU
		{6A46F004-202B-44E9-B6E9-B3007E3939B5}.Release|Any CPU.ActiveCfg = Release|Any CPU
		{6A46F004-202B-44E9-B6E9-B3007E3939B5}.Release|Any CPU.Build.0 = Release|Any CPU
		{6A46F004-202B-44E9-B6E9-B3007E3939B5}.Release|Any CPU.Deploy.0 = Release|Any CPU
		{60DC830B-A6FA-40DE-BC02-C830909DC093}.Debug|Any CPU.ActiveCfg = Debug|Any CPU
		{60DC830B-A6FA-40DE-BC02-C830909DC093}.Debug|Any CPU.Build.0 = Debug|Any CPU
		{60DC830B-A6FA-40DE-BC02-C830909DC093}.Debug|Any CPU.Deploy.0 = Debug|Any CPU
		{60DC830B-A6FA-40DE-BC02-C830909DC093}.Release|Any CPU.ActiveCfg = Release|Any CPU
		{60DC830B-A6FA-40DE-BC02-C830909DC093}.Release|Any CPU.Build.0 = Release|Any CPU
		{60DC830B-A6FA-40DE-BC02-C830909DC093}.Release|Any CPU.Deploy.0 = Release|Any CPU
	EndGlobalSection
	GlobalSection(SolutionProperties) = preSolution
		HideSolutionNode = FALSE
	EndGlobalSection
	GlobalSection(ExtensibilityGlobals) = postSolution
		SolutionGuid = {8D5938CB-BD4D-4EE1-9184-6D74EF626265}
	EndGlobalSection
EndGlobal
